
Microsoft Visual Studio Solution File, Format Version 12.00
# Visual Studio Version 17
VisualStudioVersion = 17.5.33516.290
MinimumVisualStudioVersion = 10.0.40219.1
Project("{FAE04EC0-301F-11D3-BF4B-00C04F79EFBC}") = "RHMIPTool", "RHMIPTool.csproj", "{99B7B8DA-3402-4915-98A2-CE265A3D42E2}"
EndProject
Global
	GlobalSection(SolutionConfigurationPlatforms) = preSolution
		Debug|Any CPU = Debug|Any CPU
		Release|Any CPU = Release|Any CPU
	EndGlobalSection
	GlobalSection(ProjectConfigurationPlatforms) = postSolution
		{99B7B8DA-3402-4915-98A2-CE265A3D42E2}.Debug|Any CPU.ActiveCfg = Debug|Any CPU
		{99B7B8DA-3402-4915-98A2-CE265A3D42E2}.Debug|Any CPU.Build.0 = Debug|Any CPU
		{99B7B8DA-3402-4915-98A2-CE265A3D42E2}.Release|Any CPU.ActiveCfg = Release|Any CPU
		{99B7B8DA-3402-4915-98A2-CE265A3D42E2}.Release|Any CPU.Build.0 = Release|Any CPU
	EndGlobalSection
	GlobalSection(SolutionProperties) = preSolution
		HideSolutionNode = FALSE
	EndGlobalSection
	GlobalSection(ExtensibilityGlobals) = postSolution
		SolutionGuid = {EEFB995E-3FC2-47BD-839E-52593731546D}
	EndGlobalSection
EndGlobal
